
Microsoft Visual Studio Solution File, Format Version 12.00
# Visual Studio Version 17
VisualStudioVersion = 17.4.33213.308
MinimumVisualStudioVersion = 10.0.40219.1
Project("{9A19103F-16F7-4668-BE54-9A1E7A4F7556}") = "CSUploader", "src\CSUploader.csproj", "{79AFEA99-700A-471F-A723-3D7733C61CF4}"
EndProject
Global
	GlobalSection(SolutionConfigurationPlatforms) = preSolution
		Debug|Any CPU = Debug|Any CPU
		Release|Any CPU = Release|Any CPU
	EndGlobalSection
	GlobalSection(ProjectConfigurationPlatforms) = postSolution
		{79AFEA99-700A-471F-A723-3D7733C61CF4}.Debug|Any CPU.ActiveCfg = Debug|Any CPU
		{79AFEA99-700A-471F-A723-3D7733C61CF4}.Debug|Any CPU.Build.0 = Debug|Any CPU
		{79AFEA99-700A-471F-A723-3D7733C61CF4}.Release|Any CPU.ActiveCfg = Release|Any CPU
		{79AFEA99-700A-471F-A723-3D7733C61CF4}.Release|Any CPU.Build.0 = Release|Any CPU
	EndGlobalSection
	GlobalSection(SolutionProperties) = preSolution
		HideSolutionNode = FALSE
	EndGlobalSection
	GlobalSection(ExtensibilityGlobals) = postSolution
		SolutionGuid = {0F449663-FACD-4615-A604-40B498CDFBFA}
	EndGlobalSection
EndGlobal
